// !$*UTF8*$!
{
	archiveVersion = 1;
	classes = {
	};
	objectVersion = 46;
	objects = {

/* Begin PBXBuildFile section */
		D5D2E2771CBCACF500F7A302 /* AppDelegate.swift in Sources */ = {isa = PBXBuildFile; fileRef = D5D2E2761CBCACF500F7A302 /* AppDelegate.swift */; };
		D5D2E2791CBCACF500F7A302 /* Assets.xcassets in Resources */ = {isa = PBXBuildFile; fileRef = D5D2E2781CBCACF500F7A302 /* Assets.xcassets */; };
		D5D2E27C1CBCACF500F7A302 /* MainMenu.xib in Resources */ = {isa = PBXBuildFile; fileRef = D5D2E27A1CBCACF500F7A302 /* MainMenu.xib */; };
/* End PBXBuildFile section */

/* Begin PBXFileReference section */
		D5D2E2731CBCACF500F7A302 /* TTConnector.app */ = {isa = PBXFileReference; explicitFileType = wrapper.application; includeInIndex = 0; path = TTConnector.app; sourceTree = BUILT_PRODUCTS_DIR; };
		D5D2E2761CBCACF500F7A302 /* AppDelegate.swift */ = {isa = PBXFileReference; lastKnownFileType = sourcecode.swift; path = AppDelegate.swift; sourceTree = "<group>"; };
		D5D2E2781CBCACF500F7A302 /* Assets.xcassets */ = {isa = PBXFileReference; lastKnownFileType = folder.assetcatalog; path = Assets.xcassets; sourceTree = "<group>"; };
		D5D2E27B1CBCACF500F7A302 /* Base */ = {isa = PBXFileReference; lastKnownFileType = file.xib; name = Base; path = Base.lproj/MainMenu.xib; sourceTree = "<group>"; };
		D5D2E27D1CBCACF500F7A302 /* Info.plist */ = {isa = PBXFileReference; lastKnownFileType = text.plist.xml; path = Info.plist; sourceTree = "<group>"; };
/* End PBXFileReference section */

/* Begin PBXFrameworksBuildPhase section */
		D5D2E2701CBCACF500F7A302 /* Frameworks */ = {
			isa = PBXFrameworksBuildPhase;
			buildActionMask = 2147483647;
			files = (
			);
			runOnlyForDeploymentPostprocessing = 0;
		};
/* End PBXFrameworksBuildPhase section */

/* Begin PBXGroup section */
		D5D2E26A1CBCACF500F7A302 = {
			isa = PBXGroup;
			children = (
				D5D2E2751CBCACF500F7A302 /* TTConnector */,
				D5D2E2741CBCACF500F7A302 /* Products */,
			);
			sourceTree = "<group>";
		};
		D5D2E2741CBCACF500F7A302 /* Products */ = {
			isa = PBXGroup;
			children = (
				D5D2E2731CBCACF500F7A302 /* TTConnector.app */,
			);
			name = Products;
			sourceTree = "<group>";
		};
		D5D2E2751CBCACF500F7A302 /* TTConnector */ = {
			isa = PBXGroup;
			children = (
				D5D2E2761CBCACF500F7A302 /* AppDelegate.swift */,
				D5D2E2781CBCACF500F7A302 /* Assets.xcassets */,
				D5D2E27A1CBCACF500F7A302 /* MainMenu.xib */,
				D5D2E27D1CBCACF500F7A302 /* Info.plist */,
			);
			path = TTConnector;
			sourceTree = "<group>";
		};
/* End PBXGroup section */

/* Begin PBXNativeTarget section */
		D5D2E2721CBCACF500F7A302 /* TTConnector */ = {
			isa = PBXNativeTarget;
			buildConfigurationList = D5D2E2801CBCACF500F7A302 /* Build configuration list for PBXNativeTarget "TTConnector" */;
			buildPhases = (
				D5D2E26F1CBCACF500F7A302 /* Sources */,
				D5D2E2701CBCACF500F7A302 /* Frameworks */,
				D5D2E2711CBCACF500F7A302 /* Resources */,
			);
			buildRules = (
			);
			dependencies = (
			);
			name = TTConnector;
			productName = TTConnector;
			productReference = D5D2E2731CBCACF500F7A302 /* TTConnector.app */;
			productType = "com.apple.product-type.application";
		};
/* End PBXNativeTarget section */

/* Begin PBXProject section */
		D5D2E26B1CBCACF500F7A302 /* Project object */ = {
			isa = PBXProject;
			attributes = {
				LastSwiftUpdateCheck = 0730;
				LastUpgradeCheck = 0730;
				ORGANIZATIONNAME = popkirby;
				TargetAttributes = {
					D5D2E2721CBCACF500F7A302 = {
						CreatedOnToolsVersion = 7.3;
					};
				};
			};
			buildConfigurationList = D5D2E26E1CBCACF500F7A302 /* Build configuration list for PBXProject "TTConnector" */;
			compatibilityVersion = "Xcode 3.2";
			developmentRegion = English;
			hasScannedForEncodings = 0;
			knownRegions = (
				en,
				Base,
			);
			mainGroup = D5D2E26A1CBCACF500F7A302;
			productRefGroup = D5D2E2741CBCACF500F7A302 /* Products */;
			projectDirPath = "";
			projectRoot = "";
			targets = (
				D5D2E2721CBCACF500F7A302 /* TTConnector */,
			);
		};
/* End PBXProject section */

/* Begin PBXResourcesBuildPhase section */
		D5D2E2711CBCACF500F7A302 /* Resources */ = {
			isa = PBXResourcesBuildPhase;
			buildActionMask = 2147483647;
			files = (
				D5D2E2791CBCACF500F7A302 /* Assets.xcassets in Resources */,
				D5D2E27C1CBCACF500F7A302 /* MainMenu.xib in Resources */,
			);
			runOnlyForDeploymentPostprocessing = 0;
		};
/* End PBXResourcesBuildPhase section */

/* Begin PBXSourcesBuildPhase section */
		D5D2E26F1CBCACF500F7A302 /* Sources */ = {
			isa = PBXSourcesBuildPhase;
			buildActionMask = 2147483647;
			files = (
				D5D2E2771CBCACF500F7A302 /* AppDelegate.swift in Sources */,
			);
			runOnlyForDeploymentPostprocessing = 0;
		};
/* End PBXSourcesBuildPhase section */

/* Begin PBXVariantGroup section */
		D5D2E27A1CBCACF500F7A302 /* MainMenu.xib */ = {
			isa = PBXVariantGroup;
			children = (
				D5D2E27B1CBCACF500F7A302 /* Base */,
			);
			name = MainMenu.xib;
			sourceTree = "<group>";
		};
/* End PBXVariantGroup section */

/* Begin XCBuildConfiguration section */
		D5D2E27E1CBCACF500F7A302 /* Debug */ = {
			isa = XCBuildConfiguration;
			buildSettings = {
				ALWAYS_SEARCH_USER_PATHS = NO;
				CLANG_ANALYZER_NONNULL = YES;
				CLANG_CXX_LANGUAGE_STANDARD = "gnu++0x";
				CLANG_CXX_LIBRARY = "libc++";
				CLANG_ENABLE_MODULES = YES;
				CLANG_ENABLE_OBJC_ARC = YES;
				CLANG_WARN_BOOL_CONVERSION = YES;
				CLANG_WARN_CONSTANT_CONVERSION = YES;
				CLANG_WARN_DIRECT_OBJC_ISA_USAGE = YES_ERROR;
				CLANG_WARN_EMPTY_BODY = YES;
				CLANG_WARN_ENUM_CONVERSION = YES;
				CLANG_WARN_INT_CONVERSION = YES;
				CLANG_WARN_OBJC_ROOT_CLASS = YES_ERROR;
				CLANG_WARN_UNREACHABLE_CODE = YES;
				CLANG_WARN__DUPLICATE_METHOD_MATCH = YES;
				CODE_SIGN_IDENTITY = "-";
				COPY_PHASE_STRIP = NO;
				DEBUG_INFORMATION_FORMAT = dwarf;
				ENABLE_STRICT_OBJC_MSGSEND = YES;
				ENABLE_TESTABILITY = YES;
				GCC_C_LANGUAGE_STANDARD = gnu99;
				GCC_DYNAMIC_NO_PIC = NO;
				GCC_NO_COMMON_BLOCKS = YES;
				GCC_OPTIMIZATION_LEVEL = 0;
				GCC_PREPROCESSOR_DEFINITIONS = (
					"DEBUG=1",
					"$(inherited)",
				);
				GCC_WARN_64_TO_32_BIT_CONVERSION = YES;
				GCC_WARN_ABOUT_RETURN_TYPE = YES_ERROR;
				GCC_WARN_UNDECLARED_SELECTOR = YES;
				GCC_WARN_UNINITIALIZED_AUTOS = YES_AGGRESSIVE;
				GCC_WARN_UNUSED_FUNCTION = YES;
				GCC_WARN_UNUSED_VARIABLE = YES;
				MACOSX_DEPLOYMENT_TARGET = 10.11;
				MTL_ENABLE_DEBUG_INFO = YES;
				ONLY_ACTIVE_ARCH = YES;
				SDKROOT = macosx;
				SWIFT_OPTIMIZATION_LEVEL = "-Onone";
			};
			name = Debug;
		};
		D5D2E27F1CBCACF500F7A302 /* Release */ = {
			isa = XCBuildConfiguration;
			buildSettings = {
				ALWAYS_SEARCH_USER_PATHS = NO;
				CLANG_ANALYZER_NONNULL = YES;
				CLANG_CXX_LANGUAGE_STANDARD = "gnu++0x";
				CLANG_CXX_LIBRARY = "libc++";
				CLANG_ENABLE_MODULES = YES;
				CLANG_ENABLE_OBJC_ARC = YES;
				CLANG_WARN_BOOL_CONVERSION = YES;
				CLANG_WARN_CONSTANT_CONVERSION = YES;
				CLANG_WARN_DIRECT_OBJC_ISA_USAGE = YES_ERROR;
				CLANG_WARN_EMPTY_BODY = YES;
				CLANG_WARN_ENUM_CONVERSION = YES;
				CLANG_WARN_INT_CONVERSION = YES;
				CLANG_WARN_OBJC_ROOT_CLASS = YES_ERROR;
				CLANG_WARN_UNREACHABLE_CODE = YES;
				CLANG_WARN__DUPLICATE_METHOD_MATCH = YES;
				CODE_SIGN_IDENTITY = "-";
				COPY_PHASE_STRIP = NO;
				DEBUG_INFORMATION_FORMAT = "dwarf-with-dsym";
				ENABLE_NS_ASSERTIONS = NO;
				ENABLE_STRICT_OBJC_MSGSEND = YES;
				GCC_C_LANGUAGE_STANDARD = gnu99;
				GCC_NO_COMMON_BLOCKS = YES;
				GCC_WARN_64_TO_32_BIT_CONVERSION = YES;
				GCC_WARN_ABOUT_RETURN_TYPE = YES_ERROR;
				GCC_WARN_UNDECLARED_SELECTOR = YES;
				GCC_WARN_UNINITIALIZED_AUTOS = YES_AGGRESSIVE;
				GCC_WARN_UNUSED_FUNCTION = YES;
				GCC_WARN_UNUSED_VARIABLE = YES;
				MACOSX_DEPLOYMENT_TARGET = 10.11;
				MTL_ENABLE_DEBUG_INFO = NO;
				SDKROOT = macosx;
			};
			name = Release;
		};
		D5D2E2811CBCACF500F7A302 /* Debug */ = {
			isa = XCBuildConfiguration;
			buildSettings = {
				ASSETCATALOG_COMPILER_APPICON_NAME = AppIcon;
				COMBINE_HIDPI_IMAGES = YES;
				INFOPLIST_FILE = TTConnector/Info.plist;
				LD_RUNPATH_SEARCH_PATHS = "$(inherited) @executable_path/../Frameworks";
				PRODUCT_BUNDLE_IDENTIFIER = info.pocka.TTConnector;
				PRODUCT_NAME = "$(TARGET_NAME)";
			};
			name = Debug;
		};
		D5D2E2821CBCACF500F7A302 /* Release */ = {
			isa = XCBuildConfiguration;
			buildSettings = {
				ASSETCATALOG_COMPILER_APPICON_NAME = AppIcon;
				COMBINE_HIDPI_IMAGES = YES;
				INFOPLIST_FILE = TTConnector/Info.plist;
				LD_RUNPATH_SEARCH_PATHS = "$(inherited) @executable_path/../Frameworks";
				PRODUCT_BUNDLE_IDENTIFIER = info.pocka.TTConnector;
				PRODUCT_NAME = "$(TARGET_NAME)";
			};
			name = Release;
		};
/* End XCBuildConfiguration section */

/* Begin XCConfigurationList section */
		D5D2E26E1CBCACF500F7A302 /* Build configuration list for PBXProject "TTConnector" */ = {
			isa = XCConfigurationList;
			buildConfigurations = (
				D5D2E27E1CBCACF500F7A302 /* Debug */,
				D5D2E27F1CBCACF500F7A302 /* Release */,
			);
			defaultConfigurationIsVisible = 0;
			defaultConfigurationName = Release;
		};
		D5D2E2801CBCACF500F7A302 /* Build configuration list for PBXNativeTarget "TTConnector" */ = {
			isa = XCConfigurationList;
			buildConfigurations = (
				D5D2E2811CBCACF500F7A302 /* Debug */,
				D5D2E2821CBCACF500F7A302 /* Release */,
			);
			defaultConfigurationIsVisible = 0;
		};
/* End XCConfigurationList section */
	};
	rootObject = D5D2E26B1CBCACF500F7A302 /* Project object */;
}
